
Microsoft Visual Studio Solution File, Format Version 12.00
# Visual Studio Version 16
VisualStudioVersion = 16.0.32002.261
MinimumVisualStudioVersion = 10.0.40219.1
Project("{FAE04EC0-301F-11D3-BF4B-00C04F79EFBC}") = "BarkodStokTakipForm", "BarkodStokTakipForm\BarkodStokTakipForm.csproj", "{05BBFEDC-21FE-4CCA-BF96-02DF8D141970}"
EndProject
Global
	GlobalSection(SolutionConfigurationPlatforms) = preSolution
		Debug|Any CPU = Debug|Any CPU
		Release|Any CPU = Release|Any CPU
	EndGlobalSection
	GlobalSection(ProjectConfigurationPlatforms) = postSolution
		{05BBFEDC-21FE-4CCA-BF96-02DF8D141970}.Debug|Any CPU.ActiveCfg = Debug|Any CPU
		{05BBFEDC-21FE-4CCA-BF96-02DF8D141970}.Debug|Any CPU.Build.0 = Debug|Any CPU
		{05BBFEDC-21FE-4CCA-BF96-02DF8D141970}.Release|Any CPU.ActiveCfg = Release|Any CPU
		{05BBFEDC-21FE-4CCA-BF96-02DF8D141970}.Release|Any CPU.Build.0 = Release|Any CPU
	EndGlobalSection
	GlobalSection(SolutionProperties) = preSolution
		HideSolutionNode = FALSE
	EndGlobalSection
	GlobalSection(ExtensibilityGlobals) = postSolution
		SolutionGuid = {41F12EBF-969E-445E-8C81-08BE23EA8B89}
	EndGlobalSection
EndGlobal
